// !$*UTF8*$!
{
	archiveVersion = 1;
	classes = {
	};
	objectVersion = 52;
	objects = {

/* Begin PBXBuildFile section */
		2A6642E1254A0D4100A0490E /* AirlinesVCTests.swift in Sources */ = {isa = PBXBuildFile; fileRef = 2A6642E0254A0D4100A0490E /* AirlinesVCTests.swift */; };
		2A6642E6254A0FBF00A0490E /* MainVCTests.swift in Sources */ = {isa = PBXBuildFile; fileRef = 2A6642E5254A0FBF00A0490E /* MainVCTests.swift */; };
		2A6642EB254A10BE00A0490E /* AirportsVC.swift in Sources */ = {isa = PBXBuildFile; fileRef = 2A6642EA254A10BE00A0490E /* AirportsVC.swift */; };
		2A6642F6254A10F200A0490E /* AirportsVCTests.swift in Sources */ = {isa = PBXBuildFile; fileRef = 2A6642F5254A10F200A0490E /* AirportsVCTests.swift */; };
		2A6642FB254A145F00A0490E /* FlightsVCTests.swift in Sources */ = {isa = PBXBuildFile; fileRef = 2A6642FA254A145F00A0490E /* FlightsVCTests.swift */; };
		2A664300254A14E000A0490E /* FlightsVC.swift in Sources */ = {isa = PBXBuildFile; fileRef = 2A6642FF254A14E000A0490E /* FlightsVC.swift */; };
		2A664313254A1F6400A0490E /* Localized.swift in Sources */ = {isa = PBXBuildFile; fileRef = 2A664312254A1F6400A0490E /* Localized.swift */; };
		2A664319254A229B00A0490E /* LocalizablesTests.swift in Sources */ = {isa = PBXBuildFile; fileRef = 2A664318254A229B00A0490E /* LocalizablesTests.swift */; };
		2A664328254A25CA00A0490E /* Localizable.strings in Resources */ = {isa = PBXBuildFile; fileRef = 2A66432A254A25CA00A0490E /* Localizable.strings */; };
		2A664337254ABC9900A0490E /* UIImage+Name.swift in Sources */ = {isa = PBXBuildFile; fileRef = 2A664336254ABC9900A0490E /* UIImage+Name.swift */; };
		2A66434B254ABDD900A0490E /* UIImage+NameTests.swift in Sources */ = {isa = PBXBuildFile; fileRef = 2A66434A254ABDD900A0490E /* UIImage+NameTests.swift */; };
		2A664350254AC63C00A0490E /* UIColor+Name.swift in Sources */ = {isa = PBXBuildFile; fileRef = 2A66434F254AC63C00A0490E /* UIColor+Name.swift */; };
		2A664355254AC6D300A0490E /* UIColor+NameTests.swift in Sources */ = {isa = PBXBuildFile; fileRef = 2A664354254AC6D300A0490E /* UIColor+NameTests.swift */; };
		2A67E1F82552BA2500F176A3 /* MockMKMapView.swift in Sources */ = {isa = PBXBuildFile; fileRef = 2A67E1F72552BA2500F176A3 /* MockMKMapView.swift */; };
		2A67E1FD2552BA9B00F176A3 /* MapViewProtocol.swift in Sources */ = {isa = PBXBuildFile; fileRef = 2A67E1FC2552BA9B00F176A3 /* MapViewProtocol.swift */; };
		2A67E2052552BB4E00F176A3 /* MKMapView+Protocol.swift in Sources */ = {isa = PBXBuildFile; fileRef = 2A67E2042552BB4E00F176A3 /* MKMapView+Protocol.swift */; };
		2A9235FE2549A20E0058B96C /* AppDelegate.swift in Sources */ = {isa = PBXBuildFile; fileRef = 2A9235FD2549A20E0058B96C /* AppDelegate.swift */; };
		2A9236022549A20E0058B96C /* MainVC.swift in Sources */ = {isa = PBXBuildFile; fileRef = 2A9236012549A20E0058B96C /* MainVC.swift */; };
		2A9236072549A20F0058B96C /* Assets.xcassets in Resources */ = {isa = PBXBuildFile; fileRef = 2A9236062549A20F0058B96C /* Assets.xcassets */; };
		2A92360A2549A20F0058B96C /* LaunchScreen.storyboard in Resources */ = {isa = PBXBuildFile; fileRef = 2A9236082549A20F0058B96C /* LaunchScreen.storyboard */; };
		2A9236202549A2100058B96C /* SchipholAirportUITests.swift in Sources */ = {isa = PBXBuildFile; fileRef = 2A92361F2549A2100058B96C /* SchipholAirportUITests.swift */; };
		2A9236672549CAF40058B96C /* AirlinesVC.swift in Sources */ = {isa = PBXBuildFile; fileRef = 2A9236662549CAF40058B96C /* AirlinesVC.swift */; };
		2AB05ADA255009FC0052FC21 /* UserDefaultsProtocol.swift in Sources */ = {isa = PBXBuildFile; fileRef = 2AB05AD9255009FC0052FC21 /* UserDefaultsProtocol.swift */; };
		2AB05AE125500C3D0052FC21 /* UserDefaultsContainer.swift in Sources */ = {isa = PBXBuildFile; fileRef = 2AB05AE025500C3D0052FC21 /* UserDefaultsContainer.swift */; };
		2AB05AE625500D6A0052FC21 /* UserDefaultsService.swift in Sources */ = {isa = PBXBuildFile; fileRef = 2AB05AE525500D6A0052FC21 /* UserDefaultsService.swift */; };
		2AB05AEC25500EF80052FC21 /* UserDefaultsServiceTests.swift in Sources */ = {isa = PBXBuildFile; fileRef = 2AB05AEB25500EF80052FC21 /* UserDefaultsServiceTests.swift */; };
		2AB05AF425500F740052FC21 /* MockUserDefaultsContainer.swift in Sources */ = {isa = PBXBuildFile; fileRef = 2AB05AF325500F740052FC21 /* MockUserDefaultsContainer.swift */; };
		2AB05AF9255011100052FC21 /* UserDefaultsContainerTests.swift in Sources */ = {isa = PBXBuildFile; fileRef = 2AB05AF8255011100052FC21 /* UserDefaultsContainerTests.swift */; };
		2AB05B022550217B0052FC21 /* AirportDataTests.swift in Sources */ = {isa = PBXBuildFile; fileRef = 2AB05B012550217B0052FC21 /* AirportDataTests.swift */; };
		2AB05B0A25504CC60052FC21 /* AirlineTVCTests.swift in Sources */ = {isa = PBXBuildFile; fileRef = 2AB05B0925504CC60052FC21 /* AirlineTVCTests.swift */; };
		2AB05B0F25504DB00052FC21 /* AirlineTVC.swift in Sources */ = {isa = PBXBuildFile; fileRef = 2AB05B0E25504DB00052FC21 /* AirlineTVC.swift */; };
		2AB05B1D255094390052FC21 /* NetworkEndpointTests.swift in Sources */ = {isa = PBXBuildFile; fileRef = 2AB05B1C255094390052FC21 /* NetworkEndpointTests.swift */; };
		2AB05B482551BFCA0052FC21 /* InfoPlist.strings in Resources */ = {isa = PBXBuildFile; fileRef = 2AB05B4A2551BFCA0052FC21 /* InfoPlist.strings */; };
		2AB05B6D25529CD40052FC21 /* MapViewModel.swift in Sources */ = {isa = PBXBuildFile; fileRef = 2AB05B6C25529CD40052FC21 /* MapViewModel.swift */; };
		2AB05B7225529DC80052FC21 /* mapViewModelTests.swift in Sources */ = {isa = PBXBuildFile; fileRef = 2AB05B7125529DC80052FC21 /* mapViewModelTests.swift */; };
		2AB05B7825529EE00052FC21 /* MockCLLocationManager.swift in Sources */ = {isa = PBXBuildFile; fileRef = 2AB05B7725529EE00052FC21 /* MockCLLocationManager.swift */; };
		2AB05B8125529F670052FC21 /* LocationManagerProtocol.swift in Sources */ = {isa = PBXBuildFile; fileRef = 2AB05B8025529F670052FC21 /* LocationManagerProtocol.swift */; };
		2AB05B8925529FE50052FC21 /* CLLocationManager+Protocol.swift in Sources */ = {isa = PBXBuildFile; fileRef = 2AB05B8825529FE50052FC21 /* CLLocationManager+Protocol.swift */; };
		2AD36754254BF5DD00677F7E /* AirportData.swift in Sources */ = {isa = PBXBuildFile; fileRef = 2AD36753254BF5DC00677F7E /* AirportData.swift */; };
		2AD3675E254BF61000677F7E /* AirportsProtocol.swift in Sources */ = {isa = PBXBuildFile; fileRef = 2AD3675D254BF61000677F7E /* AirportsProtocol.swift */; };
		2AD36772254BFD9100677F7E /* FlightsProtocol.swift in Sources */ = {isa = PBXBuildFile; fileRef = 2AD36771254BFD9100677F7E /* FlightsProtocol.swift */; };
		2AD36777254BFE6400677F7E /* FlightData.swift in Sources */ = {isa = PBXBuildFile; fileRef = 2AD36776254BFE6400677F7E /* FlightData.swift */; };
		2AD3677C254C001A00677F7E /* AirlinesProtocol.swift in Sources */ = {isa = PBXBuildFile; fileRef = 2AD3677B254C001A00677F7E /* AirlinesProtocol.swift */; };
		2AD36781254C003200677F7E /* AirlineData.swift in Sources */ = {isa = PBXBuildFile; fileRef = 2AD36780254C003200677F7E /* AirlineData.swift */; };
		2AD3679D254C077500677F7E /* NetworkEndpoint.swift in Sources */ = {isa = PBXBuildFile; fileRef = 2AD3679C254C077500677F7E /* NetworkEndpoint.swift */; };
		2AD367A4254C0A4F00677F7E /* Airports.json in Resources */ = {isa = PBXBuildFile; fileRef = 2AD367A3254C0A4F00677F7E /* Airports.json */; };
		2AD367AC254C0A6300677F7E /* Flights.json in Resources */ = {isa = PBXBuildFile; fileRef = 2AD367AB254C0A6300677F7E /* Flights.json */; };
		2AD367B1254C0A7800677F7E /* Airlines.json in Resources */ = {isa = PBXBuildFile; fileRef = 2AD367B0254C0A7800677F7E /* Airlines.json */; };
		2AD367B9254C0BE700677F7E /* FakeDataResponse.swift in Sources */ = {isa = PBXBuildFile; fileRef = 2AD367B8254C0BE700677F7E /* FakeDataResponse.swift */; };
		2AD367C1254C105E00677F7E /* MockURLSession.swift in Sources */ = {isa = PBXBuildFile; fileRef = 2AD367C0254C105E00677F7E /* MockURLSession.swift */; };
		2AD367C6254C111400677F7E /* MockURLSessionDataTask.swift in Sources */ = {isa = PBXBuildFile; fileRef = 2AD367C5254C111400677F7E /* MockURLSessionDataTask.swift */; };
		2AD367CB254C127700677F7E /* NetworkRequestTests.swift in Sources */ = {isa = PBXBuildFile; fileRef = 2AD367CA254C127700677F7E /* NetworkRequestTests.swift */; };
		2AD367D0254C12CC00677F7E /* NetworkRequest.swift in Sources */ = {isa = PBXBuildFile; fileRef = 2AD367CF254C12CC00677F7E /* NetworkRequest.swift */; };
		2AD367D8254C170B00677F7E /* RequestArrayResult.swift in Sources */ = {isa = PBXBuildFile; fileRef = 2AD367D7254C170B00677F7E /* RequestArrayResult.swift */; };
		2AD367E7254C208B00677F7E /* URLSessionProtocol.swift in Sources */ = {isa = PBXBuildFile; fileRef = 2AD367E6254C208B00677F7E /* URLSessionProtocol.swift */; };
		2AD367FE254C5C3B00677F7E /* URLSession+Protocol.swift in Sources */ = {isa = PBXBuildFile; fileRef = 2AD367FD254C5C3B00677F7E /* URLSession+Protocol.swift */; };
		2AD36804254C836400677F7E /* FlightTVC.swift in Sources */ = {isa = PBXBuildFile; fileRef = 2AD36803254C836400677F7E /* FlightTVC.swift */; };
		2AD36821254D607800677F7E /* FlightTVCTests.swift in Sources */ = {isa = PBXBuildFile; fileRef = 2AD36820254D607800677F7E /* FlightTVCTests.swift */; };
		2AD3682A254D762600677F7E /* Spinner.swift in Sources */ = {isa = PBXBuildFile; fileRef = 2AD36829254D762600677F7E /* Spinner.swift */; };
		2AD36833254D764400677F7E /* SpinnerTests.swift in Sources */ = {isa = PBXBuildFile; fileRef = 2AD36832254D764400677F7E /* SpinnerTests.swift */; };
		2AD3688F254F333800677F7E /* SettingsVC.swift in Sources */ = {isa = PBXBuildFile; fileRef = 2AD3688E254F333800677F7E /* SettingsVC.swift */; };
		2AD36894254F4AEF00677F7E /* SettingsVCTests.swift in Sources */ = {isa = PBXBuildFile; fileRef = 2AD36893254F4AEF00677F7E /* SettingsVCTests.swift */; };
/* End PBXBuildFile section */

/* Begin PBXContainerItemProxy section */
		2A9236112549A2100058B96C /* PBXContainerItemProxy */ = {
			isa = PBXContainerItemProxy;
			containerPortal = 2A9235F22549A20E0058B96C /* Project object */;
			proxyType = 1;
			remoteGlobalIDString = 2A9235F92549A20E0058B96C;
			remoteInfo = SchipholAirport;
		};
		2A92361C2549A2100058B96C /* PBXContainerItemProxy */ = {
			isa = PBXContainerItemProxy;
			containerPortal = 2A9235F22549A20E0058B96C /* Project object */;
			proxyType = 1;
			remoteGlobalIDString = 2A9235F92549A20E0058B96C;
			remoteInfo = SchipholAirport;
		};
/* End PBXContainerItemProxy section */

/* Begin PBXFileReference section */
		2A6642E0254A0D4100A0490E /* AirlinesVCTests.swift */ = {isa = PBXFileReference; lastKnownFileType = sourcecode.swift; path = AirlinesVCTests.swift; sourceTree = "<group>"; };
		2A6642E5254A0FBF00A0490E /* MainVCTests.swift */ = {isa = PBXFileReference; lastKnownFileType = sourcecode.swift; path = MainVCTests.swift; sourceTree = "<group>"; };
		2A6642EA254A10BE00A0490E /* AirportsVC.swift */ = {isa = PBXFileReference; lastKnownFileType = sourcecode.swift; path = AirportsVC.swift; sourceTree = "<group>"; };
		2A6642F5254A10F200A0490E /* AirportsVCTests.swift */ = {isa = PBXFileReference; lastKnownFileType = sourcecode.swift; path = AirportsVCTests.swift; sourceTree = "<group>"; };
		2A6642FA254A145F00A0490E /* FlightsVCTests.swift */ = {isa = PBXFileReference; lastKnownFileType = sourcecode.swift; path = FlightsVCTests.swift; sourceTree = "<group>"; };
		2A6642FF254A14E000A0490E /* FlightsVC.swift */ = {isa = PBXFileReference; lastKnownFileType = sourcecode.swift; path = FlightsVC.swift; sourceTree = "<group>"; };
		2A664312254A1F6400A0490E /* Localized.swift */ = {isa = PBXFileReference; lastKnownFileType = sourcecode.swift; path = Localized.swift; sourceTree = "<group>"; };
		2A664318254A229B00A0490E /* LocalizablesTests.swift */ = {isa = PBXFileReference; lastKnownFileType = sourcecode.swift; path = LocalizablesTests.swift; sourceTree = "<group>"; };
		2A664329254A25CA00A0490E /* en */ = {isa = PBXFileReference; lastKnownFileType = text.plist.strings; name = en; path = en.lproj/Localizable.strings; sourceTree = "<group>"; };
		2A66432E254A25CF00A0490E /* fr */ = {isa = PBXFileReference; lastKnownFileType = text.plist.strings; name = fr; path = fr.lproj/Localizable.strings; sourceTree = "<group>"; };
		2A664336254ABC9900A0490E /* UIImage+Name.swift */ = {isa = PBXFileReference; lastKnownFileType = sourcecode.swift; path = "UIImage+Name.swift"; sourceTree = "<group>"; };
		2A66434A254ABDD900A0490E /* UIImage+NameTests.swift */ = {isa = PBXFileReference; lastKnownFileType = sourcecode.swift; path = "UIImage+NameTests.swift"; sourceTree = "<group>"; };
		2A66434F254AC63C00A0490E /* UIColor+Name.swift */ = {isa = PBXFileReference; lastKnownFileType = sourcecode.swift; path = "UIColor+Name.swift"; sourceTree = "<group>"; };
		2A664354254AC6D300A0490E /* UIColor+NameTests.swift */ = {isa = PBXFileReference; lastKnownFileType = sourcecode.swift; path = "UIColor+NameTests.swift"; sourceTree = "<group>"; };
		2A67E1F72552BA2500F176A3 /* MockMKMapView.swift */ = {isa = PBXFileReference; lastKnownFileType = sourcecode.swift; path = MockMKMapView.swift; sourceTree = "<group>"; };
		2A67E1FC2552BA9B00F176A3 /* MapViewProtocol.swift */ = {isa = PBXFileReference; lastKnownFileType = sourcecode.swift; path = MapViewProtocol.swift; sourceTree = "<group>"; };
		2A67E2042552BB4E00F176A3 /* MKMapView+Protocol.swift */ = {isa = PBXFileReference; lastKnownFileType = sourcecode.swift; path = "MKMapView+Protocol.swift"; sourceTree = "<group>"; };
		2A9235FA2549A20E0058B96C /* SchipholAirport.app */ = {isa = PBXFileReference; explicitFileType = wrapper.application; includeInIndex = 0; path = SchipholAirport.app; sourceTree = BUILT_PRODUCTS_DIR; };
		2A9235FD2549A20E0058B96C /* AppDelegate.swift */ = {isa = PBXFileReference; lastKnownFileType = sourcecode.swift; path = AppDelegate.swift; sourceTree = "<group>"; };
		2A9236012549A20E0058B96C /* MainVC.swift */ = {isa = PBXFileReference; lastKnownFileType = sourcecode.swift; path = MainVC.swift; sourceTree = "<group>"; };
		2A9236062549A20F0058B96C /* Assets.xcassets */ = {isa = PBXFileReference; lastKnownFileType = folder.assetcatalog; path = Assets.xcassets; sourceTree = "<group>"; };
		2A9236092549A20F0058B96C /* Base */ = {isa = PBXFileReference; lastKnownFileType = file.storyboard; name = Base; path = Base.lproj/LaunchScreen.storyboard; sourceTree = "<group>"; };
		2A92360B2549A20F0058B96C /* Info.plist */ = {isa = PBXFileReference; lastKnownFileType = text.plist.xml; path = Info.plist; sourceTree = "<group>"; };
		2A9236102549A2100058B96C /* SchipholAirportTests.xctest */ = {isa = PBXFileReference; explicitFileType = wrapper.cfbundle; includeInIndex = 0; path = SchipholAirportTests.xctest; sourceTree = BUILT_PRODUCTS_DIR; };
		2A9236162549A2100058B96C /* Info.plist */ = {isa = PBXFileReference; lastKnownFileType = text.plist.xml; path = Info.plist; sourceTree = "<group>"; };
		2A92361B2549A2100058B96C /* SchipholAirportUITests.xctest */ = {isa = PBXFileReference; explicitFileType = wrapper.cfbundle; includeInIndex = 0; path = SchipholAirportUITests.xctest; sourceTree = BUILT_PRODUCTS_DIR; };
		2A92361F2549A2100058B96C /* SchipholAirportUITests.swift */ = {isa = PBXFileReference; lastKnownFileType = sourcecode.swift; path = SchipholAirportUITests.swift; sourceTree = "<group>"; };
		2A9236212549A2100058B96C /* Info.plist */ = {isa = PBXFileReference; lastKnownFileType = text.plist.xml; path = Info.plist; sourceTree = "<group>"; };
		2A9236612549C8CF0058B96C /* Development.xctestplan */ = {isa = PBXFileReference; lastKnownFileType = text; path = Development.xctestplan; sourceTree = "<group>"; };
		2A9236662549CAF40058B96C /* AirlinesVC.swift */ = {isa = PBXFileReference; lastKnownFileType = sourcecode.swift; path = AirlinesVC.swift; sourceTree = "<group>"; };
		2AB05AD9255009FC0052FC21 /* UserDefaultsProtocol.swift */ = {isa = PBXFileReference; lastKnownFileType = sourcecode.swift; path = UserDefaultsProtocol.swift; sourceTree = "<group>"; };
		2AB05AE025500C3D0052FC21 /* UserDefaultsContainer.swift */ = {isa = PBXFileReference; lastKnownFileType = sourcecode.swift; path = UserDefaultsContainer.swift; sourceTree = "<group>"; };
		2AB05AE525500D6A0052FC21 /* UserDefaultsService.swift */ = {isa = PBXFileReference; lastKnownFileType = sourcecode.swift; path = UserDefaultsService.swift; sourceTree = "<group>"; };
		2AB05AEB25500EF80052FC21 /* UserDefaultsServiceTests.swift */ = {isa = PBXFileReference; lastKnownFileType = sourcecode.swift; path = UserDefaultsServiceTests.swift; sourceTree = "<group>"; };
		2AB05AF325500F740052FC21 /* MockUserDefaultsContainer.swift */ = {isa = PBXFileReference; lastKnownFileType = sourcecode.swift; path = MockUserDefaultsContainer.swift; sourceTree = "<group>"; };
		2AB05AF8255011100052FC21 /* UserDefaultsContainerTests.swift */ = {isa = PBXFileReference; lastKnownFileType = sourcecode.swift; path = UserDefaultsContainerTests.swift; sourceTree = "<group>"; };
		2AB05B012550217B0052FC21 /* AirportDataTests.swift */ = {isa = PBXFileReference; lastKnownFileType = sourcecode.swift; path = AirportDataTests.swift; sourceTree = "<group>"; };
		2AB05B0925504CC60052FC21 /* AirlineTVCTests.swift */ = {isa = PBXFileReference; lastKnownFileType = sourcecode.swift; path = AirlineTVCTests.swift; sourceTree = "<group>"; };
		2AB05B0E25504DB00052FC21 /* AirlineTVC.swift */ = {isa = PBXFileReference; lastKnownFileType = sourcecode.swift; path = AirlineTVC.swift; sourceTree = "<group>"; };
		2AB05B1C255094390052FC21 /* NetworkEndpointTests.swift */ = {isa = PBXFileReference; lastKnownFileType = sourcecode.swift; path = NetworkEndpointTests.swift; sourceTree = "<group>"; };
		2AB05B492551BFCA0052FC21 /* en */ = {isa = PBXFileReference; lastKnownFileType = text.plist.strings; name = en; path = en.lproj/InfoPlist.strings; sourceTree = "<group>"; };
		2AB05B4E2551BFCF0052FC21 /* fr */ = {isa = PBXFileReference; lastKnownFileType = text.plist.strings; name = fr; path = fr.lproj/InfoPlist.strings; sourceTree = "<group>"; };
		2AB05B6C25529CD40052FC21 /* MapViewModel.swift */ = {isa = PBXFileReference; lastKnownFileType = sourcecode.swift; path = MapViewModel.swift; sourceTree = "<group>"; };
		2AB05B7125529DC80052FC21 /* mapViewModelTests.swift */ = {isa = PBXFileReference; lastKnownFileType = sourcecode.swift; path = mapViewModelTests.swift; sourceTree = "<group>"; };
		2AB05B7725529EE00052FC21 /* MockCLLocationManager.swift */ = {isa = PBXFileReference; lastKnownFileType = sourcecode.swift; path = MockCLLocationManager.swift; sourceTree = "<group>"; };
		2AB05B8025529F670052FC21 /* LocationManagerProtocol.swift */ = {isa = PBXFileReference; lastKnownFileType = sourcecode.swift; path = LocationManagerProtocol.swift; sourceTree = "<group>"; };
		2AB05B8825529FE50052FC21 /* CLLocationManager+Protocol.swift */ = {isa = PBXFileReference; lastKnownFileType = sourcecode.swift; path = "CLLocationManager+Protocol.swift"; sourceTree = "<group>"; };
		2AD36753254BF5DC00677F7E /* AirportData.swift */ = {isa = PBXFileReference; lastKnownFileType = sourcecode.swift; path = AirportData.swift; sourceTree = "<group>"; };
		2AD3675D254BF61000677F7E /* AirportsProtocol.swift */ = {isa = PBXFileReference; lastKnownFileType = sourcecode.swift; path = AirportsProtocol.swift; sourceTree = "<group>"; };
		2AD36771254BFD9100677F7E /* FlightsProtocol.swift */ = {isa = PBXFileReference; lastKnownFileType = sourcecode.swift; path = FlightsProtocol.swift; sourceTree = "<group>"; };
		2AD36776254BFE6400677F7E /* FlightData.swift */ = {isa = PBXFileReference; lastKnownFileType = sourcecode.swift; path = FlightData.swift; sourceTree = "<group>"; };
		2AD3677B254C001A00677F7E /* AirlinesProtocol.swift */ = {isa = PBXFileReference; lastKnownFileType = sourcecode.swift; path = AirlinesProtocol.swift; sourceTree = "<group>"; };
		2AD36780254C003200677F7E /* AirlineData.swift */ = {isa = PBXFileReference; lastKnownFileType = sourcecode.swift; path = AirlineData.swift; sourceTree = "<group>"; };
		2AD3679C254C077500677F7E /* NetworkEndpoint.swift */ = {isa = PBXFileReference; lastKnownFileType = sourcecode.swift; path = NetworkEndpoint.swift; sourceTree = "<group>"; };
		2AD367A3254C0A4F00677F7E /* Airports.json */ = {isa = PBXFileReference; lastKnownFileType = text.json; path = Airports.json; sourceTree = "<group>"; };
		2AD367AB254C0A6300677F7E /* Flights.json */ = {isa = PBXFileReference; lastKnownFileType = text.json; path = Flights.json; sourceTree = "<group>"; };
		2AD367B0254C0A7800677F7E /* Airlines.json */ = {isa = PBXFileReference; lastKnownFileType = text.json; path = Airlines.json; sourceTree = "<group>"; };
		2AD367B8254C0BE700677F7E /* FakeDataResponse.swift */ = {isa = PBXFileReference; lastKnownFileType = sourcecode.swift; path = FakeDataResponse.swift; sourceTree = "<group>"; };
		2AD367C0254C105E00677F7E /* MockURLSession.swift */ = {isa = PBXFileReference; lastKnownFileType = sourcecode.swift; path = MockURLSession.swift; sourceTree = "<group>"; };
		2AD367C5254C111400677F7E /* MockURLSessionDataTask.swift */ = {isa = PBXFileReference; lastKnownFileType = sourcecode.swift; path = MockURLSessionDataTask.swift; sourceTree = "<group>"; };
		2AD367CA254C127700677F7E /* NetworkRequestTests.swift */ = {isa = PBXFileReference; lastKnownFileType = sourcecode.swift; path = NetworkRequestTests.swift; sourceTree = "<group>"; };
		2AD367CF254C12CC00677F7E /* NetworkRequest.swift */ = {isa = PBXFileReference; lastKnownFileType = sourcecode.swift; path = NetworkRequest.swift; sourceTree = "<group>"; };
		2AD367D7254C170B00677F7E /* RequestArrayResult.swift */ = {isa = PBXFileReference; lastKnownFileType = sourcecode.swift; path = RequestArrayResult.swift; sourceTree = "<group>"; };
		2AD367E6254C208B00677F7E /* URLSessionProtocol.swift */ = {isa = PBXFileReference; lastKnownFileType = sourcecode.swift; path = URLSessionProtocol.swift; sourceTree = "<group>"; };
		2AD367FD254C5C3B00677F7E /* URLSession+Protocol.swift */ = {isa = PBXFileReference; lastKnownFileType = sourcecode.swift; path = "URLSession+Protocol.swift"; sourceTree = "<group>"; };
		2AD36803254C836400677F7E /* FlightTVC.swift */ = {isa = PBXFileReference; lastKnownFileType = sourcecode.swift; path = FlightTVC.swift; sourceTree = "<group>"; };
		2AD36820254D607800677F7E /* FlightTVCTests.swift */ = {isa = PBXFileReference; lastKnownFileType = sourcecode.swift; path = FlightTVCTests.swift; sourceTree = "<group>"; };
		2AD36829254D762600677F7E /* Spinner.swift */ = {isa = PBXFileReference; lastKnownFileType = sourcecode.swift; path = Spinner.swift; sourceTree = "<group>"; };
		2AD36832254D764400677F7E /* SpinnerTests.swift */ = {isa = PBXFileReference; lastKnownFileType = sourcecode.swift; path = SpinnerTests.swift; sourceTree = "<group>"; };
		2AD3688E254F333800677F7E /* SettingsVC.swift */ = {isa = PBXFileReference; lastKnownFileType = sourcecode.swift; path = SettingsVC.swift; sourceTree = "<group>"; };
		2AD36893254F4AEF00677F7E /* SettingsVCTests.swift */ = {isa = PBXFileReference; lastKnownFileType = sourcecode.swift; path = SettingsVCTests.swift; sourceTree = "<group>"; };
/* End PBXFileReference section */

/* Begin PBXFrameworksBuildPhase section */
		2A9235F72549A20E0058B96C /* Frameworks */ = {
			isa = PBXFrameworksBuildPhase;
			buildActionMask = 2147483647;
			files = (
			);
			runOnlyForDeploymentPostprocessing = 0;
		};
		2A92360D2549A2100058B96C /* Frameworks */ = {
			isa = PBXFrameworksBuildPhase;
			buildActionMask = 2147483647;
			files = (
			);
			runOnlyForDeploymentPostprocessing = 0;
		};
		2A9236182549A2100058B96C /* Frameworks */ = {
			isa = PBXFrameworksBuildPhase;
			buildActionMask = 2147483647;
			files = (
			);
			runOnlyForDeploymentPostprocessing = 0;
		};
/* End PBXFrameworksBuildPhase section */

/* Begin PBXGroup section */
		2A6642D1254A0A5600A0490E /* Cases */ = {
			isa = PBXGroup;
			children = (
				2AD36786254C01F100677F7E /* Services */,
				2A66433E254ABD3700A0490E /* Extensions */,
				2AB05B212550948C0052FC21 /* Enums */,
				2A664317254A225000A0490E /* Localizables */,
				2AB05B002550214F0052FC21 /* Models */,
				2AD3682E254D763100677F7E /* Tools */,
				2A67E20A25530EC800F176A3 /* ViewModels */,
				2A6642D2254A0A6D00A0490E /* ViewControllers */,
			);
			name = Cases;
			sourceTree = "<group>";
		};
		2A6642D2254A0A6D00A0490E /* ViewControllers */ = {
			isa = PBXGroup;
			children = (
				2A664308254A1E7A00A0490E /* MainViews */,
				2AD3681F254D605B00677F7E /* Cells */,
			);
			name = ViewControllers;
			sourceTree = "<group>";
		};
		2A6642D9254A0B2E00A0490E /* TabBars */ = {
			isa = PBXGroup;
			children = (
				2A6642F5254A10F200A0490E /* AirportsVCTests.swift */,
				2A6642FA254A145F00A0490E /* FlightsVCTests.swift */,
				2A6642E0254A0D4100A0490E /* AirlinesVCTests.swift */,
				2AD36893254F4AEF00677F7E /* SettingsVCTests.swift */,
			);
			name = TabBars;
			sourceTree = "<group>";
		};
		2A664307254A1E6100A0490E /* MainViews */ = {
			isa = PBXGroup;
			children = (
				2A9236012549A20E0058B96C /* MainVC.swift */,
				2A9236652549CA3C0058B96C /* TabBars */,
			);
			name = MainViews;
			sourceTree = "<group>";
		};
		2A664308254A1E7A00A0490E /* MainViews */ = {
			isa = PBXGroup;
			children = (
				2A6642E5254A0FBF00A0490E /* MainVCTests.swift */,
				2A6642D9254A0B2E00A0490E /* TabBars */,
			);
			name = MainViews;
			sourceTree = "<group>";
		};
		2A66430C254A1EE500A0490E /* Localizables */ = {
			isa = PBXGroup;
			children = (
				2A664312254A1F6400A0490E /* Localized.swift */,
				2A66432A254A25CA00A0490E /* Localizable.strings */,
				2AB05B4A2551BFCA0052FC21 /* InfoPlist.strings */,
			);
			name = Localizables;
			sourceTree = "<group>";
		};
		2A664317254A225000A0490E /* Localizables */ = {
			isa = PBXGroup;
			children = (
				2A664318254A229B00A0490E /* LocalizablesTests.swift */,
			);
			name = Localizables;
			sourceTree = "<group>";
		};
		2A664335254ABC7900A0490E /* Extensions */ = {
			isa = PBXGroup;
			children = (
				2A664336254ABC9900A0490E /* UIImage+Name.swift */,
				2A66434F254AC63C00A0490E /* UIColor+Name.swift */,
				2AD367FD254C5C3B00677F7E /* URLSession+Protocol.swift */,
				2AB05B8825529FE50052FC21 /* CLLocationManager+Protocol.swift */,
				2A67E2042552BB4E00F176A3 /* MKMapView+Protocol.swift */,
			);
			name = Extensions;
			sourceTree = "<group>";
		};
		2A66433E254ABD3700A0490E /* Extensions */ = {
			isa = PBXGroup;
			children = (
				2A66434A254ABDD900A0490E /* UIImage+NameTests.swift */,
				2A664354254AC6D300A0490E /* UIColor+NameTests.swift */,
			);
			name = Extensions;
			sourceTree = "<group>";
		};
		2A67E20925530E9E00F176A3 /* ViewModels */ = {
			isa = PBXGroup;
			children = (
				2AB05B6C25529CD40052FC21 /* MapViewModel.swift */,
			);
			name = ViewModels;
			sourceTree = "<group>";
		};
		2A67E20A25530EC800F176A3 /* ViewModels */ = {
			isa = PBXGroup;
			children = (
				2AB05B7125529DC80052FC21 /* mapViewModelTests.swift */,
			);
			name = ViewModels;
			sourceTree = "<group>";
		};
		2A9235F12549A20E0058B96C = {
			isa = PBXGroup;
			children = (
				2A9235FC2549A20E0058B96C /* SchipholAirport */,
				2A92365D2549C83A0058B96C /* SchipholAirportTestPlans */,
				2A9236132549A2100058B96C /* SchipholAirportTests */,
				2A92361E2549A2100058B96C /* SchipholAirportUITests */,
				2A9235FB2549A20E0058B96C /* Products */,
			);
			sourceTree = "<group>";
		};
		2A9235FB2549A20E0058B96C /* Products */ = {
			isa = PBXGroup;
			children = (
				2A9235FA2549A20E0058B96C /* SchipholAirport.app */,
				2A9236102549A2100058B96C /* SchipholAirportTests.xctest */,
				2A92361B2549A2100058B96C /* SchipholAirportUITests.xctest */,
			);
			name = Products;
			sourceTree = "<group>";
		};
		2A9235FC2549A20E0058B96C /* SchipholAirport */ = {
			isa = PBXGroup;
			children = (
				2A9236542549AD320058B96C /* Main */,
				2A9236512549ABD60058B96C /* SupportingFiles */,
				2A66430C254A1EE500A0490E /* Localizables */,
				2A664335254ABC7900A0490E /* Extensions */,
				2AD3679B254C075F00677F7E /* Enums */,
				2AD3675B254BF5F100677F7E /* Protocols */,
				2AD36785254C01D900677F7E /* Services */,
				2AD36752254BF58100677F7E /* Models */,
				2AD36828254D75BE00677F7E /* Tools */,
				2A67E20925530E9E00F176A3 /* ViewModels */,
				2A9236552549AD500058B96C /* ViewControllers */,
			);
			path = SchipholAirport;
			sourceTree = "<group>";
		};
		2A9236132549A2100058B96C /* SchipholAirportTests */ = {
			isa = PBXGroup;
			children = (
				2A9236522549AC680058B96C /* SupportingFiles */,
				2A6642D1254A0A5600A0490E /* Cases */,
				2AD367A1254C0A1200677F7E /* Mocks */,
				2AD367A2254C0A2A00677F7E /* Fakes */,
			);
			path = SchipholAirportTests;
			sourceTree = "<group>";
		};
		2A92361E2549A2100058B96C /* SchipholAirportUITests */ = {
			isa = PBXGroup;
			children = (
				2A9236532549AC7A0058B96C /* SupportingFiles */,
				2A9236592549C7BF0058B96C /* Cases */,
			);
			path = SchipholAirportUITests;
			sourceTree = "<group>";
		};
		2A9236512549ABD60058B96C /* SupportingFiles */ = {
			isa = PBXGroup;
			children = (
				2A9236062549A20F0058B96C /* Assets.xcassets */,
				2A92360B2549A20F0058B96C /* Info.plist */,
				2A9236082549A20F0058B96C /* LaunchScreen.storyboard */,
			);
			name = SupportingFiles;
			sourceTree = "<group>";
		};
		2A9236522549AC680058B96C /* SupportingFiles */ = {
			isa = PBXGroup;
			children = (
				2A9236162549A2100058B96C /* Info.plist */,
			);
			name = SupportingFiles;
			sourceTree = "<group>";
		};
		2A9236532549AC7A0058B96C /* SupportingFiles */ = {
			isa = PBXGroup;
			children = (
				2A9236212549A2100058B96C /* Info.plist */,
			);
			name = SupportingFiles;
			sourceTree = "<group>";
		};
		2A9236542549AD320058B96C /* Main */ = {
			isa = PBXGroup;
			children = (
				2A9235FD2549A20E0058B96C /* AppDelegate.swift */,
			);
			name = Main;
			sourceTree = "<group>";
		};
		2A9236552549AD500058B96C /* ViewControllers */ = {
			isa = PBXGroup;
			children = (
				2A664307254A1E6100A0490E /* MainViews */,
				2AD36802254C833B00677F7E /* Cells */,
			);
			name = ViewControllers;
			sourceTree = "<group>";
		};
		2A9236592549C7BF0058B96C /* Cases */ = {
			isa = PBXGroup;
			children = (
				2A92361F2549A2100058B96C /* SchipholAirportUITests.swift */,
			);
			name = Cases;
			sourceTree = "<group>";
		};
		2A92365D2549C83A0058B96C /* SchipholAirportTestPlans */ = {
			isa = PBXGroup;
			children = (
				2A9236612549C8CF0058B96C /* Development.xctestplan */,
			);
			path = SchipholAirportTestPlans;
			sourceTree = "<group>";
		};
		2A9236652549CA3C0058B96C /* TabBars */ = {
			isa = PBXGroup;
			children = (
				2A6642EA254A10BE00A0490E /* AirportsVC.swift */,
				2A6642FF254A14E000A0490E /* FlightsVC.swift */,
				2A9236662549CAF40058B96C /* AirlinesVC.swift */,
				2AD3688E254F333800677F7E /* SettingsVC.swift */,
			);
			name = TabBars;
			sourceTree = "<group>";
		};
		2AB05AD8255009DD0052FC21 /* UserDefaults */ = {
			isa = PBXGroup;
			children = (
				2AB05AD9255009FC0052FC21 /* UserDefaultsProtocol.swift */,
			);
			name = UserDefaults;
			sourceTree = "<group>";
		};
		2AB05ADE25500BCA0052FC21 /* UserDefaults */ = {
			isa = PBXGroup;
			children = (
				2AB05AF8255011100052FC21 /* UserDefaultsContainerTests.swift */,
				2AB05AEB25500EF80052FC21 /* UserDefaultsServiceTests.swift */,
			);
			name = UserDefaults;
			sourceTree = "<group>";
		};
		2AB05ADF25500C280052FC21 /* UserDefaults */ = {
			isa = PBXGroup;
			children = (
				2AB05AE025500C3D0052FC21 /* UserDefaultsContainer.swift */,
				2AB05AE525500D6A0052FC21 /* UserDefaultsService.swift */,
			);
			name = UserDefaults;
			sourceTree = "<group>";
		};
		2AB05AEA25500ED50052FC21 /* UserDefaults */ = {
			isa = PBXGroup;
			children = (
				2AB05AF325500F740052FC21 /* MockUserDefaultsContainer.swift */,
			);
			name = UserDefaults;
			sourceTree = "<group>";
		};
		2AB05B002550214F0052FC21 /* Models */ = {
			isa = PBXGroup;
			children = (
				2AB05B012550217B0052FC21 /* AirportDataTests.swift */,
			);
			name = Models;
			sourceTree = "<group>";
		};
		2AB05B212550948C0052FC21 /* Enums */ = {
			isa = PBXGroup;
			children = (
				2AB05B1C255094390052FC21 /* NetworkEndpointTests.swift */,
			);
			name = Enums;
			sourceTree = "<group>";
		};
		2AB05B7625529EBC0052FC21 /* Location */ = {
			isa = PBXGroup;
			children = (
				2AB05B7725529EE00052FC21 /* MockCLLocationManager.swift */,
				2A67E1F72552BA2500F176A3 /* MockMKMapView.swift */,
			);
			name = Location;
			sourceTree = "<group>";
		};
		2AB05B7F25529F5B0052FC21 /* Location */ = {
			isa = PBXGroup;
			children = (
				2AB05B8025529F670052FC21 /* LocationManagerProtocol.swift */,
				2A67E1FC2552BA9B00F176A3 /* MapViewProtocol.swift */,
			);
			name = Location;
			sourceTree = "<group>";
		};
		2AD36752254BF58100677F7E /* Models */ = {
			isa = PBXGroup;
			children = (
				2AD36753254BF5DC00677F7E /* AirportData.swift */,
				2AD36776254BFE6400677F7E /* FlightData.swift */,
				2AD36780254C003200677F7E /* AirlineData.swift */,
			);
			name = Models;
			sourceTree = "<group>";
		};
		2AD3675B254BF5F100677F7E /* Protocols */ = {
			isa = PBXGroup;
			children = (
				2AD367E5254C207700677F7E /* Networking */,
				2AB05AD8255009DD0052FC21 /* UserDefaults */,
				2AB05B7F25529F5B0052FC21 /* Location */,
				2AD3675C254BF60100677F7E /* Models */,
			);
			name = Protocols;
			sourceTree = "<group>";
		};
		2AD3675C254BF60100677F7E /* Models */ = {
			isa = PBXGroup;
			children = (
				2AD3675D254BF61000677F7E /* AirportsProtocol.swift */,
				2AD36771254BFD9100677F7E /* FlightsProtocol.swift */,
				2AD3677B254C001A00677F7E /* AirlinesProtocol.swift */,
			);
			name = Models;
			sourceTree = "<group>";
		};
		2AD36785254C01D900677F7E /* Services */ = {
			isa = PBXGroup;
			children = (
				2AD3678A254C024800677F7E /* Networking */,
				2AB05ADF25500C280052FC21 /* UserDefaults */,
			);
			name = Services;
			sourceTree = "<group>";
		};
		2AD36786254C01F100677F7E /* Services */ = {
			isa = PBXGroup;
			children = (
				2AD36789254C023900677F7E /* Networking */,
				2AB05ADE25500BCA0052FC21 /* UserDefaults */,
			);
			name = Services;
			sourceTree = "<group>";
		};
		2AD36789254C023900677F7E /* Networking */ = {
			isa = PBXGroup;
			children = (
				2AD367CA254C127700677F7E /* NetworkRequestTests.swift */,
			);
			name = Networking;
			sourceTree = "<group>";
		};
		2AD3678A254C024800677F7E /* Networking */ = {
			isa = PBXGroup;
			children = (
				2AD367CF254C12CC00677F7E /* NetworkRequest.swift */,
			);
			name = Networking;
			sourceTree = "<group>";
		};
		2AD3679B254C075F00677F7E /* Enums */ = {
			isa = PBXGroup;
			children = (
				2AD3679C254C077500677F7E /* NetworkEndpoint.swift */,
				2AD367D7254C170B00677F7E /* RequestArrayResult.swift */,
			);
			name = Enums;
			sourceTree = "<group>";
		};
		2AD367A1254C0A1200677F7E /* Mocks */ = {
			isa = PBXGroup;
			children = (
				2AD367B5254C0B6D00677F7E /* Networking */,
				2AB05AEA25500ED50052FC21 /* UserDefaults */,
				2AB05B7625529EBC0052FC21 /* Location */,
			);
			name = Mocks;
			sourceTree = "<group>";
		};
		2AD367A2254C0A2A00677F7E /* Fakes */ = {
			isa = PBXGroup;
			children = (
				2AD367B7254C0BCB00677F7E /* Networking */,
				2AD367B6254C0B7700677F7E /* Json */,
			);
			name = Fakes;
			sourceTree = "<group>";
		};
		2AD367B5254C0B6D00677F7E /* Networking */ = {
			isa = PBXGroup;
			children = (
				2AD367C0254C105E00677F7E /* MockURLSession.swift */,
				2AD367C5254C111400677F7E /* MockURLSessionDataTask.swift */,
			);
			name = Networking;
			sourceTree = "<group>";
		};
		2AD367B6254C0B7700677F7E /* Json */ = {
			isa = PBXGroup;
			children = (
				2AD367A3254C0A4F00677F7E /* Airports.json */,
				2AD367AB254C0A6300677F7E /* Flights.json */,
				2AD367B0254C0A7800677F7E /* Airlines.json */,
			);
			name = Json;
			sourceTree = "<group>";
		};
		2AD367B7254C0BCB00677F7E /* Networking */ = {
			isa = PBXGroup;
			children = (
				2AD367B8254C0BE700677F7E /* FakeDataResponse.swift */,
			);
			name = Networking;
			sourceTree = "<group>";
		};
		2AD367E5254C207700677F7E /* Networking */ = {
			isa = PBXGroup;
			children = (
				2AD367E6254C208B00677F7E /* URLSessionProtocol.swift */,
			);
			name = Networking;
			sourceTree = "<group>";
		};
		2AD36802254C833B00677F7E /* Cells */ = {
			isa = PBXGroup;
			children = (
				2AD36803254C836400677F7E /* FlightTVC.swift */,
				2AB05B0E25504DB00052FC21 /* AirlineTVC.swift */,
			);
			name = Cells;
			sourceTree = "<group>";
		};
		2AD3681F254D605B00677F7E /* Cells */ = {
			isa = PBXGroup;
			children = (
				2AD36820254D607800677F7E /* FlightTVCTests.swift */,
				2AB05B0925504CC60052FC21 /* AirlineTVCTests.swift */,
			);
			name = Cells;
			sourceTree = "<group>";
		};
		2AD36828254D75BE00677F7E /* Tools */ = {
			isa = PBXGroup;
			children = (
				2AD36829254D762600677F7E /* Spinner.swift */,
			);
			name = Tools;
			sourceTree = "<group>";
		};
		2AD3682E254D763100677F7E /* Tools */ = {
			isa = PBXGroup;
			children = (
				2AD36832254D764400677F7E /* SpinnerTests.swift */,
			);
			name = Tools;
			sourceTree = "<group>";
		};
/* End PBXGroup section */

/* Begin PBXNativeTarget section */
		2A9235F92549A20E0058B96C /* SchipholAirport */ = {
			isa = PBXNativeTarget;
			buildConfigurationList = 2A9236242549A2100058B96C /* Build configuration list for PBXNativeTarget "SchipholAirport" */;
			buildPhases = (
				2A9235F62549A20E0058B96C /* Sources */,
				2A9235F72549A20E0058B96C /* Frameworks */,
				2A9235F82549A20E0058B96C /* Resources */,
			);
			buildRules = (
			);
			dependencies = (
			);
			name = SchipholAirport;
			productName = SchipholAirport;
			productReference = 2A9235FA2549A20E0058B96C /* SchipholAirport.app */;
			productType = "com.apple.product-type.application";
		};
		2A92360F2549A2100058B96C /* SchipholAirportTests */ = {
			isa = PBXNativeTarget;
			buildConfigurationList = 2A9236272549A2100058B96C /* Build configuration list for PBXNativeTarget "SchipholAirportTests" */;
			buildPhases = (
				2A92360C2549A2100058B96C /* Sources */,
				2A92360D2549A2100058B96C /* Frameworks */,
				2A92360E2549A2100058B96C /* Resources */,
			);
			buildRules = (
			);
			dependencies = (
				2A9236122549A2100058B96C /* PBXTargetDependency */,
			);
			name = SchipholAirportTests;
			productName = SchipholAirportTests;
			productReference = 2A9236102549A2100058B96C /* SchipholAirportTests.xctest */;
			productType = "com.apple.product-type.bundle.unit-test";
		};
		2A92361A2549A2100058B96C /* SchipholAirportUITests */ = {
			isa = PBXNativeTarget;
			buildConfigurationList = 2A92362A2549A2100058B96C /* Build configuration list for PBXNativeTarget "SchipholAirportUITests" */;
			buildPhases = (
				2A9236172549A2100058B96C /* Sources */,
				2A9236182549A2100058B96C /* Frameworks */,
				2A9236192549A2100058B96C /* Resources */,
			);
			buildRules = (
			);
			dependencies = (
				2A92361D2549A2100058B96C /* PBXTargetDependency */,
			);
			name = SchipholAirportUITests;
			productName = SchipholAirportUITests;
			productReference = 2A92361B2549A2100058B96C /* SchipholAirportUITests.xctest */;
			productType = "com.apple.product-type.bundle.ui-testing";
		};
/* End PBXNativeTarget section */

/* Begin PBXProject section */
		2A9235F22549A20E0058B96C /* Project object */ = {
			isa = PBXProject;
			attributes = {
				LastSwiftUpdateCheck = 1200;
				LastUpgradeCheck = 1210;
				TargetAttributes = {
					2A9235F92549A20E0058B96C = {
						CreatedOnToolsVersion = 12.0.1;
					};
					2A92360F2549A2100058B96C = {
						CreatedOnToolsVersion = 12.0.1;
						LastSwiftMigration = 1210;
						TestTargetID = 2A9235F92549A20E0058B96C;
					};
					2A92361A2549A2100058B96C = {
						CreatedOnToolsVersion = 12.0.1;
						TestTargetID = 2A9235F92549A20E0058B96C;
					};
				};
			};
			buildConfigurationList = 2A9235F52549A20E0058B96C /* Build configuration list for PBXProject "SchipholAirport" */;
			compatibilityVersion = "Xcode 11.0";
			developmentRegion = en;
			hasScannedForEncodings = 0;
			knownRegions = (
				en,
				Base,
				fr,
			);
			mainGroup = 2A9235F12549A20E0058B96C;
			productRefGroup = 2A9235FB2549A20E0058B96C /* Products */;
			projectDirPath = "";
			projectRoot = "";
			targets = (
				2A9235F92549A20E0058B96C /* SchipholAirport */,
				2A92360F2549A2100058B96C /* SchipholAirportTests */,
				2A92361A2549A2100058B96C /* SchipholAirportUITests */,
			);
		};
/* End PBXProject section */

/* Begin PBXResourcesBuildPhase section */
		2A9235F82549A20E0058B96C /* Resources */ = {
			isa = PBXResourcesBuildPhase;
			buildActionMask = 2147483647;
			files = (
				2A664328254A25CA00A0490E /* Localizable.strings in Resources */,
				2AB05B482551BFCA0052FC21 /* InfoPlist.strings in Resources */,
				2A92360A2549A20F0058B96C /* LaunchScreen.storyboard in Resources */,
				2A9236072549A20F0058B96C /* Assets.xcassets in Resources */,
			);
			runOnlyForDeploymentPostprocessing = 0;
		};
		2A92360E2549A2100058B96C /* Resources */ = {
			isa = PBXResourcesBuildPhase;
			buildActionMask = 2147483647;
			files = (
				2AD367B1254C0A7800677F7E /* Airlines.json in Resources */,
				2AD367A4254C0A4F00677F7E /* Airports.json in Resources */,
				2AD367AC254C0A6300677F7E /* Flights.json in Resources */,
			);
			runOnlyForDeploymentPostprocessing = 0;
		};
		2A9236192549A2100058B96C /* Resources */ = {
			isa = PBXResourcesBuildPhase;
			buildActionMask = 2147483647;
			files = (
			);
			runOnlyForDeploymentPostprocessing = 0;
		};
/* End PBXResourcesBuildPhase section */

/* Begin PBXSourcesBuildPhase section */
		2A9235F62549A20E0058B96C /* Sources */ = {
			isa = PBXSourcesBuildPhase;
			buildActionMask = 2147483647;
			files = (
				2AD367E7254C208B00677F7E /* URLSessionProtocol.swift in Sources */,
				2A67E2052552BB4E00F176A3 /* MKMapView+Protocol.swift in Sources */,
				2AD36754254BF5DD00677F7E /* AirportData.swift in Sources */,
				2AD367D0254C12CC00677F7E /* NetworkRequest.swift in Sources */,
				2A6642EB254A10BE00A0490E /* AirportsVC.swift in Sources */,
				2A664313254A1F6400A0490E /* Localized.swift in Sources */,
				2AD36804254C836400677F7E /* FlightTVC.swift in Sources */,
				2AD3675E254BF61000677F7E /* AirportsProtocol.swift in Sources */,
				2AB05AE625500D6A0052FC21 /* UserDefaultsService.swift in Sources */,
				2AD3677C254C001A00677F7E /* AirlinesProtocol.swift in Sources */,
				2AB05AE125500C3D0052FC21 /* UserDefaultsContainer.swift in Sources */,
				2AB05B0F25504DB00052FC21 /* AirlineTVC.swift in Sources */,
				2A9236672549CAF40058B96C /* AirlinesVC.swift in Sources */,
				2AB05B6D25529CD40052FC21 /* MapViewModel.swift in Sources */,
				2AB05ADA255009FC0052FC21 /* UserDefaultsProtocol.swift in Sources */,
				2AD36772254BFD9100677F7E /* FlightsProtocol.swift in Sources */,
				2AD3682A254D762600677F7E /* Spinner.swift in Sources */,
				2AD3688F254F333800677F7E /* SettingsVC.swift in Sources */,
				2A67E1FD2552BA9B00F176A3 /* MapViewProtocol.swift in Sources */,
				2A9236022549A20E0058B96C /* MainVC.swift in Sources */,
				2A9235FE2549A20E0058B96C /* AppDelegate.swift in Sources */,
				2A664337254ABC9900A0490E /* UIImage+Name.swift in Sources */,
				2AD367FE254C5C3B00677F7E /* URLSession+Protocol.swift in Sources */,
				2AD36781254C003200677F7E /* AirlineData.swift in Sources */,
				2AB05B8925529FE50052FC21 /* CLLocationManager+Protocol.swift in Sources */,
				2A664350254AC63C00A0490E /* UIColor+Name.swift in Sources */,
				2A664300254A14E000A0490E /* FlightsVC.swift in Sources */,
				2AD36777254BFE6400677F7E /* FlightData.swift in Sources */,
				2AD367D8254C170B00677F7E /* RequestArrayResult.swift in Sources */,
				2AD3679D254C077500677F7E /* NetworkEndpoint.swift in Sources */,
				2AB05B8125529F670052FC21 /* LocationManagerProtocol.swift in Sources */,
			);
			runOnlyForDeploymentPostprocessing = 0;
		};
		2A92360C2549A2100058B96C /* Sources */ = {
			isa = PBXSourcesBuildPhase;
			buildActionMask = 2147483647;
			files = (
				2AD36833254D764400677F7E /* SpinnerTests.swift in Sources */,
				2A664355254AC6D300A0490E /* UIColor+NameTests.swift in Sources */,
				2AD367C6254C111400677F7E /* MockURLSessionDataTask.swift in Sources */,
				2AD367B9254C0BE700677F7E /* FakeDataResponse.swift in Sources */,
				2AB05AEC25500EF80052FC21 /* UserDefaultsServiceTests.swift in Sources */,
				2AB05AF9255011100052FC21 /* UserDefaultsContainerTests.swift in Sources */,
				2A6642FB254A145F00A0490E /* FlightsVCTests.swift in Sources */,
				2A664319254A229B00A0490E /* LocalizablesTests.swift in Sources */,
				2AD36821254D607800677F7E /* FlightTVCTests.swift in Sources */,
				2A67E1F82552BA2500F176A3 /* MockMKMapView.swift in Sources */,
				2AD367CB254C127700677F7E /* NetworkRequestTests.swift in Sources */,
				2A6642E1254A0D4100A0490E /* AirlinesVCTests.swift in Sources */,
				2AB05B1D255094390052FC21 /* NetworkEndpointTests.swift in Sources */,
				2AD36894254F4AEF00677F7E /* SettingsVCTests.swift in Sources */,
				2A6642E6254A0FBF00A0490E /* MainVCTests.swift in Sources */,
				2AD367C1254C105E00677F7E /* MockURLSession.swift in Sources */,
				2AB05B7825529EE00052FC21 /* MockCLLocationManager.swift in Sources */,
				2AB05B7225529DC80052FC21 /* mapViewModelTests.swift in Sources */,
				2A66434B254ABDD900A0490E /* UIImage+NameTests.swift in Sources */,
				2AB05AF425500F740052FC21 /* MockUserDefaultsContainer.swift in Sources */,
				2A6642F6254A10F200A0490E /* AirportsVCTests.swift in Sources */,
				2AB05B022550217B0052FC21 /* AirportDataTests.swift in Sources */,
				2AB05B0A25504CC60052FC21 /* AirlineTVCTests.swift in Sources */,
			);
			runOnlyForDeploymentPostprocessing = 0;
		};
		2A9236172549A2100058B96C /* Sources */ = {
			isa = PBXSourcesBuildPhase;
			buildActionMask = 2147483647;
			files = (
				2A9236202549A2100058B96C /* SchipholAirportUITests.swift in Sources */,
			);
			runOnlyForDeploymentPostprocessing = 0;
		};
/* End PBXSourcesBuildPhase section */

/* Begin PBXTargetDependency section */
		2A9236122549A2100058B96C /* PBXTargetDependency */ = {
			isa = PBXTargetDependency;
			target = 2A9235F92549A20E0058B96C /* SchipholAirport */;
			targetProxy = 2A9236112549A2100058B96C /* PBXContainerItemProxy */;
		};
		2A92361D2549A2100058B96C /* PBXTargetDependency */ = {
			isa = PBXTargetDependency;
			target = 2A9235F92549A20E0058B96C /* SchipholAirport */;
			targetProxy = 2A92361C2549A2100058B96C /* PBXContainerItemProxy */;
		};
/* End PBXTargetDependency section */

/* Begin PBXVariantGroup section */
		2A66432A254A25CA00A0490E /* Localizable.strings */ = {
			isa = PBXVariantGroup;
			children = (
				2A664329254A25CA00A0490E /* en */,
				2A66432E254A25CF00A0490E /* fr */,
			);
			name = Localizable.strings;
			sourceTree = "<group>";
		};
		2A9236082549A20F0058B96C /* LaunchScreen.storyboard */ = {
			isa = PBXVariantGroup;
			children = (
				2A9236092549A20F0058B96C /* Base */,
			);
			name = LaunchScreen.storyboard;
			sourceTree = "<group>";
		};
		2AB05B4A2551BFCA0052FC21 /* InfoPlist.strings */ = {
			isa = PBXVariantGroup;
			children = (
				2AB05B492551BFCA0052FC21 /* en */,
				2AB05B4E2551BFCF0052FC21 /* fr */,
			);
			name = InfoPlist.strings;
			sourceTree = "<group>";
		};
/* End PBXVariantGroup section */

/* Begin XCBuildConfiguration section */
		2A9236222549A2100058B96C /* Debug */ = {
			isa = XCBuildConfiguration;
			buildSettings = {
				ALWAYS_SEARCH_USER_PATHS = NO;
				CLANG_ANALYZER_LOCALIZABILITY_NONLOCALIZED = YES;
				CLANG_ANALYZER_NONNULL = YES;
				CLANG_ANALYZER_NUMBER_OBJECT_CONVERSION = YES_AGGRESSIVE;
				CLANG_CXX_LANGUAGE_STANDARD = "gnu++14";
				CLANG_CXX_LIBRARY = "libc++";
				CLANG_ENABLE_MODULES = YES;
				CLANG_ENABLE_OBJC_ARC = YES;
				CLANG_ENABLE_OBJC_WEAK = YES;
				CLANG_WARN_BLOCK_CAPTURE_AUTORELEASING = YES;
				CLANG_WARN_BOOL_CONVERSION = YES;
				CLANG_WARN_COMMA = YES;
				CLANG_WARN_CONSTANT_CONVERSION = YES;
				CLANG_WARN_DEPRECATED_OBJC_IMPLEMENTATIONS = YES;
				CLANG_WARN_DIRECT_OBJC_ISA_USAGE = YES_ERROR;
				CLANG_WARN_DOCUMENTATION_COMMENTS = YES;
				CLANG_WARN_EMPTY_BODY = YES;
				CLANG_WARN_ENUM_CONVERSION = YES;
				CLANG_WARN_INFINITE_RECURSION = YES;
				CLANG_WARN_INT_CONVERSION = YES;
				CLANG_WARN_NON_LITERAL_NULL_CONVERSION = YES;
				CLANG_WARN_OBJC_IMPLICIT_RETAIN_SELF = YES;
				CLANG_WARN_OBJC_LITERAL_CONVERSION = YES;
				CLANG_WARN_OBJC_ROOT_CLASS = YES_ERROR;
				CLANG_WARN_QUOTED_INCLUDE_IN_FRAMEWORK_HEADER = YES;
				CLANG_WARN_RANGE_LOOP_ANALYSIS = YES;
				CLANG_WARN_STRICT_PROTOTYPES = YES;
				CLANG_WARN_SUSPICIOUS_MOVE = YES;
				CLANG_WARN_UNGUARDED_AVAILABILITY = YES_AGGRESSIVE;
				CLANG_WARN_UNREACHABLE_CODE = YES;
				CLANG_WARN__DUPLICATE_METHOD_MATCH = YES;
				COPY_PHASE_STRIP = NO;
				DEBUG_INFORMATION_FORMAT = dwarf;
				ENABLE_STRICT_OBJC_MSGSEND = YES;
				ENABLE_TESTABILITY = YES;
				GCC_C_LANGUAGE_STANDARD = gnu11;
				GCC_DYNAMIC_NO_PIC = NO;
				GCC_NO_COMMON_BLOCKS = YES;
				GCC_OPTIMIZATION_LEVEL = 0;
				GCC_PREPROCESSOR_DEFINITIONS = (
					"DEBUG=1",
					"$(inherited)",
				);
				GCC_WARN_64_TO_32_BIT_CONVERSION = YES;
				GCC_WARN_ABOUT_RETURN_TYPE = YES_ERROR;
				GCC_WARN_UNDECLARED_SELECTOR = YES;
				GCC_WARN_UNINITIALIZED_AUTOS = YES_AGGRESSIVE;
				GCC_WARN_UNUSED_FUNCTION = YES;
				GCC_WARN_UNUSED_VARIABLE = YES;
				IPHONEOS_DEPLOYMENT_TARGET = 11.0;
				MTL_ENABLE_DEBUG_INFO = INCLUDE_SOURCE;
				MTL_FAST_MATH = YES;
				ONLY_ACTIVE_ARCH = YES;
				SDKROOT = iphoneos;
				SWIFT_ACTIVE_COMPILATION_CONDITIONS = DEBUG;
				SWIFT_OPTIMIZATION_LEVEL = "-Onone";
			};
			name = Debug;
		};
		2A9236232549A2100058B96C /* Release */ = {
			isa = XCBuildConfiguration;
			buildSettings = {
				ALWAYS_SEARCH_USER_PATHS = NO;
				CLANG_ANALYZER_LOCALIZABILITY_NONLOCALIZED = YES;
				CLANG_ANALYZER_NONNULL = YES;
				CLANG_ANALYZER_NUMBER_OBJECT_CONVERSION = YES_AGGRESSIVE;
				CLANG_CXX_LANGUAGE_STANDARD = "gnu++14";
				CLANG_CXX_LIBRARY = "libc++";
				CLANG_ENABLE_MODULES = YES;
				CLANG_ENABLE_OBJC_ARC = YES;
				CLANG_ENABLE_OBJC_WEAK = YES;
				CLANG_WARN_BLOCK_CAPTURE_AUTORELEASING = YES;
				CLANG_WARN_BOOL_CONVERSION = YES;
				CLANG_WARN_COMMA = YES;
				CLANG_WARN_CONSTANT_CONVERSION = YES;
				CLANG_WARN_DEPRECATED_OBJC_IMPLEMENTATIONS = YES;
				CLANG_WARN_DIRECT_OBJC_ISA_USAGE = YES_ERROR;
				CLANG_WARN_DOCUMENTATION_COMMENTS = YES;
				CLANG_WARN_EMPTY_BODY = YES;
				CLANG_WARN_ENUM_CONVERSION = YES;
				CLANG_WARN_INFINITE_RECURSION = YES;
				CLANG_WARN_INT_CONVERSION = YES;
				CLANG_WARN_NON_LITERAL_NULL_CONVERSION = YES;
				CLANG_WARN_OBJC_IMPLICIT_RETAIN_SELF = YES;
				CLANG_WARN_OBJC_LITERAL_CONVERSION = YES;
				CLANG_WARN_OBJC_ROOT_CLASS = YES_ERROR;
				CLANG_WARN_QUOTED_INCLUDE_IN_FRAMEWORK_HEADER = YES;
				CLANG_WARN_RANGE_LOOP_ANALYSIS = YES;
				CLANG_WARN_STRICT_PROTOTYPES = YES;
				CLANG_WARN_SUSPICIOUS_MOVE = YES;
				CLANG_WARN_UNGUARDED_AVAILABILITY = YES_AGGRESSIVE;
				CLANG_WARN_UNREACHABLE_CODE = YES;
				CLANG_WARN__DUPLICATE_METHOD_MATCH = YES;
				COPY_PHASE_STRIP = NO;
				DEBUG_INFORMATION_FORMAT = "dwarf-with-dsym";
				ENABLE_NS_ASSERTIONS = NO;
				ENABLE_STRICT_OBJC_MSGSEND = YES;
				GCC_C_LANGUAGE_STANDARD = gnu11;
				GCC_NO_COMMON_BLOCKS = YES;
				GCC_WARN_64_TO_32_BIT_CONVERSION = YES;
				GCC_WARN_ABOUT_RETURN_TYPE = YES_ERROR;
				GCC_WARN_UNDECLARED_SELECTOR = YES;
				GCC_WARN_UNINITIALIZED_AUTOS = YES_AGGRESSIVE;
				GCC_WARN_UNUSED_FUNCTION = YES;
				GCC_WARN_UNUSED_VARIABLE = YES;
				IPHONEOS_DEPLOYMENT_TARGET = 11.0;
				MTL_ENABLE_DEBUG_INFO = NO;
				MTL_FAST_MATH = YES;
				SDKROOT = iphoneos;
				SWIFT_COMPILATION_MODE = wholemodule;
				SWIFT_OPTIMIZATION_LEVEL = "-O";
				VALIDATE_PRODUCT = YES;
			};
			name = Release;
		};
		2A9236252549A2100058B96C /* Debug */ = {
			isa = XCBuildConfiguration;
			buildSettings = {
				ASSETCATALOG_COMPILER_APPICON_NAME = AppIcon;
				ASSETCATALOG_COMPILER_GLOBAL_ACCENT_COLOR_NAME = AccentColor;
				CODE_SIGN_STYLE = Automatic;
				DEVELOPMENT_TEAM = P8UNJX8SHV;
				INFOPLIST_FILE = SchipholAirport/Info.plist;
				IPHONEOS_DEPLOYMENT_TARGET = 11.0;
				LD_RUNPATH_SEARCH_PATHS = (
					"$(inherited)",
					"@executable_path/Frameworks",
				);
				PRODUCT_BUNDLE_IDENTIFIER = com.RolandLariotte.SchipholAirport;
				PRODUCT_NAME = "$(TARGET_NAME)";
				SWIFT_VERSION = 5.0;
				TARGETED_DEVICE_FAMILY = 1;
			};
			name = Debug;
		};
		2A9236262549A2100058B96C /* Release */ = {
			isa = XCBuildConfiguration;
			buildSettings = {
				ASSETCATALOG_COMPILER_APPICON_NAME = AppIcon;
				ASSETCATALOG_COMPILER_GLOBAL_ACCENT_COLOR_NAME = AccentColor;
				CODE_SIGN_STYLE = Automatic;
				DEVELOPMENT_TEAM = P8UNJX8SHV;
				INFOPLIST_FILE = SchipholAirport/Info.plist;
				IPHONEOS_DEPLOYMENT_TARGET = 11.0;
				LD_RUNPATH_SEARCH_PATHS = (
					"$(inherited)",
					"@executable_path/Frameworks",
				);
				PRODUCT_BUNDLE_IDENTIFIER = com.RolandLariotte.SchipholAirport;
				PRODUCT_NAME = "$(TARGET_NAME)";
				SWIFT_VERSION = 5.0;
				TARGETED_DEVICE_FAMILY = 1;
			};
			name = Release;
		};
		2A9236282549A2100058B96C /* Debug */ = {
			isa = XCBuildConfiguration;
			buildSettings = {
				ALWAYS_EMBED_SWIFT_STANDARD_LIBRARIES = YES;
				BUNDLE_LOADER = "$(TEST_HOST)";
				CLANG_ENABLE_MODULES = YES;
				CODE_SIGN_STYLE = Automatic;
				DEVELOPMENT_TEAM = P8UNJX8SHV;
				INFOPLIST_FILE = SchipholAirportTests/Info.plist;
				IPHONEOS_DEPLOYMENT_TARGET = 11.0;
				LD_RUNPATH_SEARCH_PATHS = (
					"$(inherited)",
					"@executable_path/Frameworks",
					"@loader_path/Frameworks",
				);
				PRODUCT_BUNDLE_IDENTIFIER = com.RolandLariotte.SchipholAirportTests;
				PRODUCT_NAME = "$(TARGET_NAME)";
				SWIFT_OPTIMIZATION_LEVEL = "-Onone";
				SWIFT_VERSION = 5.0;
				TARGETED_DEVICE_FAMILY = "1,2";
				TEST_HOST = "$(BUILT_PRODUCTS_DIR)/SchipholAirport.app/SchipholAirport";
			};
			name = Debug;
		};
		2A9236292549A2100058B96C /* Release */ = {
			isa = XCBuildConfiguration;
			buildSettings = {
				ALWAYS_EMBED_SWIFT_STANDARD_LIBRARIES = YES;
				BUNDLE_LOADER = "$(TEST_HOST)";
				CLANG_ENABLE_MODULES = YES;
				CODE_SIGN_STYLE = Automatic;
				DEVELOPMENT_TEAM = P8UNJX8SHV;
				INFOPLIST_FILE = SchipholAirportTests/Info.plist;
				IPHONEOS_DEPLOYMENT_TARGET = 11.0;
				LD_RUNPATH_SEARCH_PATHS = (
					"$(inherited)",
					"@executable_path/Frameworks",
					"@loader_path/Frameworks",
				);
				PRODUCT_BUNDLE_IDENTIFIER = com.RolandLariotte.SchipholAirportTests;
				PRODUCT_NAME = "$(TARGET_NAME)";
				SWIFT_VERSION = 5.0;
				TARGETED_DEVICE_FAMILY = "1,2";
				TEST_HOST = "$(BUILT_PRODUCTS_DIR)/SchipholAirport.app/SchipholAirport";
			};
			name = Release;
		};
		2A92362B2549A2100058B96C /* Debug */ = {
			isa = XCBuildConfiguration;
			buildSettings = {
				ALWAYS_EMBED_SWIFT_STANDARD_LIBRARIES = YES;
				CODE_SIGN_STYLE = Automatic;
				DEVELOPMENT_TEAM = P8UNJX8SHV;
				INFOPLIST_FILE = SchipholAirportUITests/Info.plist;
				LD_RUNPATH_SEARCH_PATHS = (
					"$(inherited)",
					"@executable_path/Frameworks",
					"@loader_path/Frameworks",
				);
				PRODUCT_BUNDLE_IDENTIFIER = com.RolandLariotte.SchipholAirportUITests;
				PRODUCT_NAME = "$(TARGET_NAME)";
				SWIFT_VERSION = 5.0;
				TARGETED_DEVICE_FAMILY = 1;
				TEST_TARGET_NAME = SchipholAirport;
			};
			name = Debug;
		};
		2A92362C2549A2100058B96C /* Release */ = {
			isa = XCBuildConfiguration;
			buildSettings = {
				ALWAYS_EMBED_SWIFT_STANDARD_LIBRARIES = YES;
				CODE_SIGN_STYLE = Automatic;
				DEVELOPMENT_TEAM = P8UNJX8SHV;
				INFOPLIST_FILE = SchipholAirportUITests/Info.plist;
				LD_RUNPATH_SEARCH_PATHS = (
					"$(inherited)",
					"@executable_path/Frameworks",
					"@loader_path/Frameworks",
				);
				PRODUCT_BUNDLE_IDENTIFIER = com.RolandLariotte.SchipholAirportUITests;
				PRODUCT_NAME = "$(TARGET_NAME)";
				SWIFT_VERSION = 5.0;
				TARGETED_DEVICE_FAMILY = 1;
				TEST_TARGET_NAME = SchipholAirport;
			};
			name = Release;
		};
/* End XCBuildConfiguration section */

/* Begin XCConfigurationList section */
		2A9235F52549A20E0058B96C /* Build configuration list for PBXProject "SchipholAirport" */ = {
			isa = XCConfigurationList;
			buildConfigurations = (
				2A9236222549A2100058B96C /* Debug */,
				2A9236232549A2100058B96C /* Release */,
			);
			defaultConfigurationIsVisible = 0;
			defaultConfigurationName = Release;
		};
		2A9236242549A2100058B96C /* Build configuration list for PBXNativeTarget "SchipholAirport" */ = {
			isa = XCConfigurationList;
			buildConfigurations = (
				2A9236252549A2100058B96C /* Debug */,
				2A9236262549A2100058B96C /* Release */,
			);
			defaultConfigurationIsVisible = 0;
			defaultConfigurationName = Release;
		};
		2A9236272549A2100058B96C /* Build configuration list for PBXNativeTarget "SchipholAirportTests" */ = {
			isa = XCConfigurationList;
			buildConfigurations = (
				2A9236282549A2100058B96C /* Debug */,
				2A9236292549A2100058B96C /* Release */,
			);
			defaultConfigurationIsVisible = 0;
			defaultConfigurationName = Release;
		};
		2A92362A2549A2100058B96C /* Build configuration list for PBXNativeTarget "SchipholAirportUITests" */ = {
			isa = XCConfigurationList;
			buildConfigurations = (
				2A92362B2549A2100058B96C /* Debug */,
				2A92362C2549A2100058B96C /* Release */,
			);
			defaultConfigurationIsVisible = 0;
			defaultConfigurationName = Release;
		};
/* End XCConfigurationList section */
	};
	rootObject = 2A9235F22549A20E0058B96C /* Project object */;
}
